// !$*UTF8*$!
{
	archiveVersion = 1;
	classes = {
	};
	objectVersion = 50;
	objects = {

/* Begin PBXBuildFile section */
		905A6F61204AE580000D763C /* GoogleMobileAds.framework in Frameworks */ = {isa = PBXBuildFile; fileRef = 905A6F60204AE580000D763C /* GoogleMobileAds.framework */; };
		90778F48204AD2BA00518CDF /* AppDelegate.swift in Sources */ = {isa = PBXBuildFile; fileRef = 90778F47204AD2BA00518CDF /* AppDelegate.swift */; };
		90778F4A204AD2BA00518CDF /* HomeVC.swift in Sources */ = {isa = PBXBuildFile; fileRef = 90778F49204AD2BA00518CDF /* HomeVC.swift */; };
		90778F4D204AD2BA00518CDF /* Main.storyboard in Resources */ = {isa = PBXBuildFile; fileRef = 90778F4B204AD2BA00518CDF /* Main.storyboard */; };
		90778F4F204AD2C700518CDF /* Assets.xcassets in Resources */ = {isa = PBXBuildFile; fileRef = 90778F4E204AD2C700518CDF /* Assets.xcassets */; };
		90778F52204AD2C700518CDF /* LaunchScreen.storyboard in Resources */ = {isa = PBXBuildFile; fileRef = 90778F50204AD2C700518CDF /* LaunchScreen.storyboard */; };
		90B26D71204B66580085676F /* PurchaseManager.swift in Sources */ = {isa = PBXBuildFile; fileRef = 90B26D70204B66580085676F /* PurchaseManager.swift */; };
/* End PBXBuildFile section */

/* Begin PBXFileReference section */
		905A6F60204AE580000D763C /* GoogleMobileAds.framework */ = {isa = PBXFileReference; lastKnownFileType = wrapper.framework; path = GoogleMobileAds.framework; sourceTree = "<group>"; };
		90778F44204AD2B900518CDF /* daily-dose.app */ = {isa = PBXFileReference; explicitFileType = wrapper.application; includeInIndex = 0; path = "daily-dose.app"; sourceTree = BUILT_PRODUCTS_DIR; };
		90778F47204AD2BA00518CDF /* AppDelegate.swift */ = {isa = PBXFileReference; lastKnownFileType = sourcecode.swift; path = AppDelegate.swift; sourceTree = "<group>"; };
		90778F49204AD2BA00518CDF /* HomeVC.swift */ = {isa = PBXFileReference; lastKnownFileType = sourcecode.swift; path = HomeVC.swift; sourceTree = "<group>"; };
		90778F4C204AD2BA00518CDF /* Base */ = {isa = PBXFileReference; lastKnownFileType = file.storyboard; name = Base; path = Base.lproj/Main.storyboard; sourceTree = "<group>"; };
		90778F4E204AD2C700518CDF /* Assets.xcassets */ = {isa = PBXFileReference; lastKnownFileType = folder.assetcatalog; path = Assets.xcassets; sourceTree = "<group>"; };
		90778F51204AD2C700518CDF /* Base */ = {isa = PBXFileReference; lastKnownFileType = file.storyboard; name = Base; path = Base.lproj/LaunchScreen.storyboard; sourceTree = "<group>"; };
		90778F53204AD2C700518CDF /* Info.plist */ = {isa = PBXFileReference; lastKnownFileType = text.plist.xml; path = Info.plist; sourceTree = "<group>"; };
		90B26D70204B66580085676F /* PurchaseManager.swift */ = {isa = PBXFileReference; lastKnownFileType = sourcecode.swift; path = PurchaseManager.swift; sourceTree = "<group>"; };
/* End PBXFileReference section */

/* Begin PBXFrameworksBuildPhase section */
		90778F41204AD2B900518CDF /* Frameworks */ = {
			isa = PBXFrameworksBuildPhase;
			buildActionMask = 2147483647;
			files = (
				905A6F61204AE580000D763C /* GoogleMobileAds.framework in Frameworks */,
			);
			runOnlyForDeploymentPostprocessing = 0;
		};
/* End PBXFrameworksBuildPhase section */

/* Begin PBXGroup section */
		90778F3B204AD2B900518CDF = {
			isa = PBXGroup;
			children = (
				90778F46204AD2B900518CDF /* daily-dose */,
				90778F45204AD2B900518CDF /* Products */,
				90778F5B204AE25800518CDF /* Frameworks */,
			);
			sourceTree = "<group>";
		};
		90778F45204AD2B900518CDF /* Products */ = {
			isa = PBXGroup;
			children = (
				90778F44204AD2B900518CDF /* daily-dose.app */,
			);
			name = Products;
			sourceTree = "<group>";
		};
		90778F46204AD2B900518CDF /* daily-dose */ = {
			isa = PBXGroup;
			children = (
				90B26D6F204B66290085676F /* Services */,
				90B26D6E204B65F50085676F /* Controller */,
				90778F47204AD2BA00518CDF /* AppDelegate.swift */,
				90778F4B204AD2BA00518CDF /* Main.storyboard */,
				90778F4E204AD2C700518CDF /* Assets.xcassets */,
				90778F50204AD2C700518CDF /* LaunchScreen.storyboard */,
				90778F53204AD2C700518CDF /* Info.plist */,
			);
			path = "daily-dose";
			sourceTree = "<group>";
		};
		90778F5B204AE25800518CDF /* Frameworks */ = {
			isa = PBXGroup;
			children = (
				905A6F60204AE580000D763C /* GoogleMobileAds.framework */,
			);
			path = Frameworks;
			sourceTree = "<group>";
		};
		90B26D6E204B65F50085676F /* Controller */ = {
			isa = PBXGroup;
			children = (
				90778F49204AD2BA00518CDF /* HomeVC.swift */,
			);
			path = Controller;
			sourceTree = "<group>";
		};
		90B26D6F204B66290085676F /* Services */ = {
			isa = PBXGroup;
			children = (
				90B26D70204B66580085676F /* PurchaseManager.swift */,
			);
			path = Services;
			sourceTree = "<group>";
		};
/* End PBXGroup section */

/* Begin PBXNativeTarget section */
		90778F43204AD2B900518CDF /* daily-dose */ = {
			isa = PBXNativeTarget;
			buildConfigurationList = 90778F56204AD2C700518CDF /* Build configuration list for PBXNativeTarget "daily-dose" */;
			buildPhases = (
				90778F40204AD2B900518CDF /* Sources */,
				90778F41204AD2B900518CDF /* Frameworks */,
				90778F42204AD2B900518CDF /* Resources */,
			);
			buildRules = (
			);
			dependencies = (
			);
			name = "daily-dose";
			productName = "daily-dose";
			productReference = 90778F44204AD2B900518CDF /* daily-dose.app */;
			productType = "com.apple.product-type.application";
		};
/* End PBXNativeTarget section */

/* Begin PBXProject section */
		90778F3C204AD2B900518CDF /* Project object */ = {
			isa = PBXProject;
			attributes = {
				LastSwiftUpdateCheck = 0930;
				LastUpgradeCheck = 0930;
				ORGANIZATIONNAME = "Soufiane Salouf";
				TargetAttributes = {
					90778F43204AD2B900518CDF = {
						CreatedOnToolsVersion = 9.3;
					};
				};
			};
			buildConfigurationList = 90778F3F204AD2B900518CDF /* Build configuration list for PBXProject "daily-dose" */;
			compatibilityVersion = "Xcode 9.3";
			developmentRegion = en;
			hasScannedForEncodings = 0;
			knownRegions = (
				en,
				Base,
			);
			mainGroup = 90778F3B204AD2B900518CDF;
			productRefGroup = 90778F45204AD2B900518CDF /* Products */;
			projectDirPath = "";
			projectRoot = "";
			targets = (
				90778F43204AD2B900518CDF /* daily-dose */,
			);
		};
/* End PBXProject section */

/* Begin PBXResourcesBuildPhase section */
		90778F42204AD2B900518CDF /* Resources */ = {
			isa = PBXResourcesBuildPhase;
			buildActionMask = 2147483647;
			files = (
				90778F52204AD2C700518CDF /* LaunchScreen.storyboard in Resources */,
				90778F4F204AD2C700518CDF /* Assets.xcassets in Resources */,
				90778F4D204AD2BA00518CDF /* Main.storyboard in Resources */,
			);
			runOnlyForDeploymentPostprocessing = 0;
		};
/* End PBXResourcesBuildPhase section */

/* Begin PBXSourcesBuildPhase section */
		90778F40204AD2B900518CDF /* Sources */ = {
			isa = PBXSourcesBuildPhase;
			buildActionMask = 2147483647;
			files = (
				90778F4A204AD2BA00518CDF /* HomeVC.swift in Sources */,
				90B26D71204B66580085676F /* PurchaseManager.swift in Sources */,
				90778F48204AD2BA00518CDF /* AppDelegate.swift in Sources */,
			);
			runOnlyForDeploymentPostprocessing = 0;
		};
/* End PBXSourcesBuildPhase section */

/* Begin PBXVariantGroup section */
		90778F4B204AD2BA00518CDF /* Main.storyboard */ = {
			isa = PBXVariantGroup;
			children = (
				90778F4C204AD2BA00518CDF /* Base */,
			);
			name = Main.storyboard;
			sourceTree = "<group>";
		};
		90778F50204AD2C700518CDF /* LaunchScreen.storyboard */ = {
			isa = PBXVariantGroup;
			children = (
				90778F51204AD2C700518CDF /* Base */,
			);
			name = LaunchScreen.storyboard;
			sourceTree = "<group>";
		};
/* End PBXVariantGroup section */

/* Begin XCBuildConfiguration section */
		90778F54204AD2C700518CDF /* Debug */ = {
			isa = XCBuildConfiguration;
			buildSettings = {
				ALWAYS_SEARCH_USER_PATHS = NO;
				CLANG_ANALYZER_NONNULL = YES;
				CLANG_ANALYZER_NUMBER_OBJECT_CONVERSION = YES_AGGRESSIVE;
				CLANG_CXX_LANGUAGE_STANDARD = "gnu++14";
				CLANG_CXX_LIBRARY = "libc++";
				CLANG_ENABLE_MODULES = YES;
				CLANG_ENABLE_OBJC_ARC = YES;
				CLANG_ENABLE_OBJC_WEAK = YES;
				CLANG_WARN_BLOCK_CAPTURE_AUTORELEASING = YES;
				CLANG_WARN_BOOL_CONVERSION = YES;
				CLANG_WARN_COMMA = YES;
				CLANG_WARN_CONSTANT_CONVERSION = YES;
				CLANG_WARN_DEPRECATED_OBJC_IMPLEMENTATIONS = YES;
				CLANG_WARN_DIRECT_OBJC_ISA_USAGE = YES_ERROR;
				CLANG_WARN_DOCUMENTATION_COMMENTS = YES;
				CLANG_WARN_EMPTY_BODY = YES;
				CLANG_WARN_ENUM_CONVERSION = YES;
				CLANG_WARN_INFINITE_RECURSION = YES;
				CLANG_WARN_INT_CONVERSION = YES;
				CLANG_WARN_NON_LITERAL_NULL_CONVERSION = YES;
				CLANG_WARN_OBJC_IMPLICIT_RETAIN_SELF = YES;
				CLANG_WARN_OBJC_LITERAL_CONVERSION = YES;
				CLANG_WARN_OBJC_ROOT_CLASS = YES_ERROR;
				CLANG_WARN_RANGE_LOOP_ANALYSIS = YES;
				CLANG_WARN_STRICT_PROTOTYPES = YES;
				CLANG_WARN_SUSPICIOUS_MOVE = YES;
				CLANG_WARN_UNGUARDED_AVAILABILITY = YES_AGGRESSIVE;
				CLANG_WARN_UNREACHABLE_CODE = YES;
				CLANG_WARN__DUPLICATE_METHOD_MATCH = YES;
				CODE_SIGN_IDENTITY = "iPhone Developer";
				COPY_PHASE_STRIP = NO;
				DEBUG_INFORMATION_FORMAT = dwarf;
				ENABLE_STRICT_OBJC_MSGSEND = YES;
				ENABLE_TESTABILITY = YES;
				GCC_C_LANGUAGE_STANDARD = gnu11;
				GCC_DYNAMIC_NO_PIC = NO;
				GCC_NO_COMMON_BLOCKS = YES;
				GCC_OPTIMIZATION_LEVEL = 0;
				GCC_PREPROCESSOR_DEFINITIONS = (
					"DEBUG=1",
					"$(inherited)",
				);
				GCC_WARN_64_TO_32_BIT_CONVERSION = YES;
				GCC_WARN_ABOUT_RETURN_TYPE = YES_ERROR;
				GCC_WARN_UNDECLARED_SELECTOR = YES;
				GCC_WARN_UNINITIALIZED_AUTOS = YES_AGGRESSIVE;
				GCC_WARN_UNUSED_FUNCTION = YES;
				GCC_WARN_UNUSED_VARIABLE = YES;
				IPHONEOS_DEPLOYMENT_TARGET = 11.3;
				MTL_ENABLE_DEBUG_INFO = YES;
				ONLY_ACTIVE_ARCH = YES;
				SDKROOT = iphoneos;
				SWIFT_ACTIVE_COMPILATION_CONDITIONS = DEBUG;
				SWIFT_OPTIMIZATION_LEVEL = "-Onone";
			};
			name = Debug;
		};
		90778F55204AD2C700518CDF /* Release */ = {
			isa = XCBuildConfiguration;
			buildSettings = {
				ALWAYS_SEARCH_USER_PATHS = NO;
				CLANG_ANALYZER_NONNULL = YES;
				CLANG_ANALYZER_NUMBER_OBJECT_CONVERSION = YES_AGGRESSIVE;
				CLANG_CXX_LANGUAGE_STANDARD = "gnu++14";
				CLANG_CXX_LIBRARY = "libc++";
				CLANG_ENABLE_MODULES = YES;
				CLANG_ENABLE_OBJC_ARC = YES;
				CLANG_ENABLE_OBJC_WEAK = YES;
				CLANG_WARN_BLOCK_CAPTURE_AUTORELEASING = YES;
				CLANG_WARN_BOOL_CONVERSION = YES;
				CLANG_WARN_COMMA = YES;
				CLANG_WARN_CONSTANT_CONVERSION = YES;
				CLANG_WARN_DEPRECATED_OBJC_IMPLEMENTATIONS = YES;
				CLANG_WARN_DIRECT_OBJC_ISA_USAGE = YES_ERROR;
				CLANG_WARN_DOCUMENTATION_COMMENTS = YES;
				CLANG_WARN_EMPTY_BODY = YES;
				CLANG_WARN_ENUM_CONVERSION = YES;
				CLANG_WARN_INFINITE_RECURSION = YES;
				CLANG_WARN_INT_CONVERSION = YES;
				CLANG_WARN_NON_LITERAL_NULL_CONVERSION = YES;
				CLANG_WARN_OBJC_IMPLICIT_RETAIN_SELF = YES;
				CLANG_WARN_OBJC_LITERAL_CONVERSION = YES;
				CLANG_WARN_OBJC_ROOT_CLASS = YES_ERROR;
				CLANG_WARN_RANGE_LOOP_ANALYSIS = YES;
				CLANG_WARN_STRICT_PROTOTYPES = YES;
				CLANG_WARN_SUSPICIOUS_MOVE = YES;
				CLANG_WARN_UNGUARDED_AVAILABILITY = YES_AGGRESSIVE;
				CLANG_WARN_UNREACHABLE_CODE = YES;
				CLANG_WARN__DUPLICATE_METHOD_MATCH = YES;
				CODE_SIGN_IDENTITY = "iPhone Developer";
				COPY_PHASE_STRIP = NO;
				DEBUG_INFORMATION_FORMAT = "dwarf-with-dsym";
				ENABLE_NS_ASSERTIONS = NO;
				ENABLE_STRICT_OBJC_MSGSEND = YES;
				GCC_C_LANGUAGE_STANDARD = gnu11;
				GCC_NO_COMMON_BLOCKS = YES;
				GCC_WARN_64_TO_32_BIT_CONVERSION = YES;
				GCC_WARN_ABOUT_RETURN_TYPE = YES_ERROR;
				GCC_WARN_UNDECLARED_SELECTOR = YES;
				GCC_WARN_UNINITIALIZED_AUTOS = YES_AGGRESSIVE;
				GCC_WARN_UNUSED_FUNCTION = YES;
				GCC_WARN_UNUSED_VARIABLE = YES;
				IPHONEOS_DEPLOYMENT_TARGET = 11.3;
				MTL_ENABLE_DEBUG_INFO = NO;
				SDKROOT = iphoneos;
				SWIFT_COMPILATION_MODE = wholemodule;
				SWIFT_OPTIMIZATION_LEVEL = "-O";
				VALIDATE_PRODUCT = YES;
			};
			name = Release;
		};
		90778F57204AD2C700518CDF /* Debug */ = {
			isa = XCBuildConfiguration;
			buildSettings = {
				ASSETCATALOG_COMPILER_APPICON_NAME = AppIcon;
				CODE_SIGN_STYLE = Automatic;
				DEVELOPMENT_TEAM = WZ7Q2M29G8;
				ENABLE_BITCODE = NO;
				FRAMEWORK_SEARCH_PATHS = (
					"$(PROJECT_DIR)",
					"$(inherited)",
					"$(PROJECT_DIR)/daily-dose",
					"$(PROJECT_DIR)/Frameworks",
				);
				INFOPLIST_FILE = "daily-dose/Info.plist";
				LD_RUNPATH_SEARCH_PATHS = (
					"$(inherited)",
					"@executable_path/Frameworks",
				);
				PRODUCT_BUNDLE_IDENTIFIER = "com.saloufapps.daily-dose";
				PRODUCT_NAME = "$(TARGET_NAME)";
				SWIFT_VERSION = 4.0;
				TARGETED_DEVICE_FAMILY = "1,2";
			};
			name = Debug;
		};
		90778F58204AD2C700518CDF /* Release */ = {
			isa = XCBuildConfiguration;
			buildSettings = {
				ASSETCATALOG_COMPILER_APPICON_NAME = AppIcon;
				CODE_SIGN_STYLE = Automatic;
				DEVELOPMENT_TEAM = WZ7Q2M29G8;
				ENABLE_BITCODE = NO;
				FRAMEWORK_SEARCH_PATHS = (
					"$(PROJECT_DIR)",
					"$(inherited)",
					"$(PROJECT_DIR)/daily-dose",
					"$(PROJECT_DIR)/Frameworks",
				);
				INFOPLIST_FILE = "daily-dose/Info.plist";
				LD_RUNPATH_SEARCH_PATHS = (
					"$(inherited)",
					"@executable_path/Frameworks",
				);
				PRODUCT_BUNDLE_IDENTIFIER = "com.saloufapps.daily-dose";
				PRODUCT_NAME = "$(TARGET_NAME)";
				SWIFT_VERSION = 4.0;
				TARGETED_DEVICE_FAMILY = "1,2";
			};
			name = Release;
		};
/* End XCBuildConfiguration section */

/* Begin XCConfigurationList section */
		90778F3F204AD2B900518CDF /* Build configuration list for PBXProject "daily-dose" */ = {
			isa = XCConfigurationList;
			buildConfigurations = (
				90778F54204AD2C700518CDF /* Debug */,
				90778F55204AD2C700518CDF /* Release */,
			);
			defaultConfigurationIsVisible = 0;
			defaultConfigurationName = Release;
		};
		90778F56204AD2C700518CDF /* Build configuration list for PBXNativeTarget "daily-dose" */ = {
			isa = XCConfigurationList;
			buildConfigurations = (
				90778F57204AD2C700518CDF /* Debug */,
				90778F58204AD2C700518CDF /* Release */,
			);
			defaultConfigurationIsVisible = 0;
			defaultConfigurationName = Release;
		};
/* End XCConfigurationList section */
	};
	rootObject = 90778F3C204AD2B900518CDF /* Project object */;
}
